{
  "name": "@a2native/js",
  "version": "0.1.1",
  "lockfileVersion": 3,
  "requires": true,
  "packages": {
    "": {
      "name": "@a2native/js",
      "version": "0.1.1",
      "license": "Apache-2.0",
      "devDependencies": {
        "@types/node": "^25.5.0",
        "typescript": "^5.4.0"
      },
      "engines": {
        "node": ">=18.0.0"
      },
      "optionalDependencies": {
        "@a2native/a2native": "*"
      }
    },
    "node_modules/@a2native/a2native": {
      "version": "0.1.1",
      "resolved": "https://registry.npmjs.org/@a2native/a2native/-/a2native-0.1.1.tgz",
      "integrity": "sha512-u8vkFKAb/YcJ5qo0iUOQkAARhaS68/XayLJQ0E800R0m9ocSPyymO0lN6p+LDvt6QH0fuGPYaxcPoy2Qm/B8Fw==",
      "license": "Apache-2.0",
      "optional": true,
      "bin": {
        "a2n": "bin/a2n"
      },
      "engines": {
        "node": ">=14"
      },
      "optionalDependencies": {
        "@a2native/a2native-darwin-arm64": "0.1.1",
        "@a2native/a2native-darwin-x64": "0.1.1",
        "@a2native/a2native-linux-x64": "0.1.1",
        "@a2native/a2native-win32-x64": "0.1.1"
      }
    },
    "node_modules/@a2native/a2native-darwin-arm64": {
      "version": "0.1.1",
      "resolved": "https://registry.npmjs.org/@a2native/a2native-darwin-arm64/-/a2native-darwin-arm64-0.1.1.tgz",
      "integrity": "sha512-jXblc/bOzA4TqAIzO85MIGaI9O8GeYBugIn/cE84OK0ie3iuXg6Q2Uynb6iFpRTRL0PlJZH9ZMHznOcDLMpqpg==",
      "cpu": [
        "arm64"
      ],
      "license": "Apache-2.0",
      "optional": true,
      "os": [
        "darwin"
      ]
    },
    "node_modules/@a2native/a2native-darwin-x64": {
      "version": "0.1.1",
      "resolved": "https://registry.npmjs.org/@a2native/a2native-darwin-x64/-/a2native-darwin-x64-0.1.1.tgz",
      "integrity": "sha512-TgzEznBvXNlk22lnoqbkBe0gWr1xQ+TZD+6Wlvd4+TTLnMYTcE6tyM+E8dBOiSDJkC9x6JRbQWoAuv2FJidTXw==",
      "cpu": [
        "x64"
      ],
      "license": "Apache-2.0",
      "optional": true,
      "os": [
        "darwin"
      ]
    },
    "node_modules/@a2native/a2native-linux-x64": {
      "version": "0.1.1",
      "resolved": "https://registry.npmjs.org/@a2native/a2native-linux-x64/-/a2native-linux-x64-0.1.1.tgz",
      "integrity": "sha512-DF1KBqlwMgO9nNTjXvyn4a2jQ5Bh+n9C3q6hNHXfZNHKe3KYtjs07bk1lCuwZ0OS6hvG777900FspjGKgZHN5A==",
      "cpu": [
        "x64"
      ],
      "license": "Apache-2.0",
      "optional": true,
      "os": [
        "linux"
      ]
    },
    "node_modules/@a2native/a2native-win32-x64": {
      "version": "0.1.1",
      "resolved": "https://registry.npmjs.org/@a2native/a2native-win32-x64/-/a2native-win32-x64-0.1.1.tgz",
      "integrity": "sha512-672iLgpaNABVcPZc9Nf3El9XW2SN6Eg+9Tizcoe16VivUsNi/AG7SYo9SfdSJUAIRsxhSs1A0aUIAN2aBOe+7w==",
      "cpu": [
        "x64"
      ],
      "license": "Apache-2.0",
      "optional": true,
      "os": [
        "win32"
      ]
    },
    "node_modules/@types/node": {
      "version": "25.5.0",
      "resolved": "https://registry.npmjs.org/@types/node/-/node-25.5.0.tgz",
      "integrity": "sha512-jp2P3tQMSxWugkCUKLRPVUpGaL5MVFwF8RDuSRztfwgN1wmqJeMSbKlnEtQqU8UrhTmzEmZdu2I6v2dpp7XIxw==",
      "dev": true,
      "license": "MIT",
      "dependencies": {
        "undici-types": "~7.18.0"
      }
    },
    "node_modules/typescript": {
      "version": "5.9.3",
      "resolved": "https://registry.npmjs.org/typescript/-/typescript-5.9.3.tgz",
      "integrity": "sha512-jl1vZzPDinLr9eUt3J/t7V6FgNEw9QjvBPdysz9KfQDD41fQrC2Y4vKQdiaUpFT4bXlb1RHhLpp8wtm6M5TgSw==",
      "dev": true,
      "license": "Apache-2.0",
      "bin": {
        "tsc": "bin/tsc",
        "tsserver": "bin/tsserver"
      },
      "engines": {
        "node": ">=14.17"
      }
    },
    "node_modules/undici-types": {
      "version": "7.18.2",
      "resolved": "https://registry.npmjs.org/undici-types/-/undici-types-7.18.2.tgz",
      "integrity": "sha512-AsuCzffGHJybSaRrmr5eHr81mwJU3kjw6M+uprWvCXiNeN9SOGwQ3Jn8jb8m3Z6izVgknn1R0FTCEAP2QrLY/w==",
      "dev": true,
      "license": "MIT"
    }
  }
}
